
Microsoft Visual Studio Solution File, Format Version 12.00
# Visual Studio Version 16
VisualStudioVersion = 16.0.31729.503
MinimumVisualStudioVersion = 10.0.40219.1
Project("{FAE04EC0-301F-11D3-BF4B-00C04F79EFBC}") = "TemplateBackend", "TemplateBackend\TemplateBackend.csproj", "{080ACB42-6AA1-4B0A-B551-F34F9CA4967F}"
EndProject
Global
	GlobalSection(SolutionConfigurationPlatforms) = preSolution
		Debug|Any CPU = Debug|Any CPU
		Release|Any CPU = Release|Any CPU
	EndGlobalSection
	GlobalSection(ProjectConfigurationPlatforms) = postSolution
		{080ACB42-6AA1-4B0A-B551-F34F9CA4967F}.Debug|Any CPU.ActiveCfg = Debug|Any CPU
		{080ACB42-6AA1-4B0A-B551-F34F9CA4967F}.Debug|Any CPU.Build.0 = Debug|Any CPU
		{080ACB42-6AA1-4B0A-B551-F34F9CA4967F}.Release|Any CPU.ActiveCfg = Release|Any CPU
		{080ACB42-6AA1-4B0A-B551-F34F9CA4967F}.Release|Any CPU.Build.0 = Release|Any CPU
	EndGlobalSection
	GlobalSection(SolutionProperties) = preSolution
		HideSolutionNode = FALSE
	EndGlobalSection
	GlobalSection(ExtensibilityGlobals) = postSolution
		SolutionGuid = {E8028909-346C-4C1C-A72D-DACFBEBE9806}
	EndGlobalSection
EndGlobal
